
Microsoft Visual Studio Solution File, Format Version 10.00
# Visual Studio 2008
Project("{8BC9CEB8-8B4A-11D0-8D11-00A0C91BC942}") = "luaJson", "luaJson\luaJson.vcproj", "{2F9D225C-72D8-4989-8D3C-079532FB164B}"
EndProject
Global
	GlobalSection(SolutionConfigurationPlatforms) = preSolution
		Debug|Win32 = Debug|Win32
		Debug-dll|Win32 = Debug-dll|Win32
		Release|Win32 = Release|Win32
		Release-dll|Win32 = Release-dll|Win32
		Retail|Win32 = Retail|Win32
		Retail-dll|Win32 = Retail-dll|Win32
	EndGlobalSection
	GlobalSection(ProjectConfigurationPlatforms) = postSolution
		{2F9D225C-72D8-4989-8D3C-079532FB164B}.Debug|Win32.ActiveCfg = Debug|Win32
		{2F9D225C-72D8-4989-8D3C-079532FB164B}.Debug-dll|Win32.ActiveCfg = Debug-dll|Win32
		{2F9D225C-72D8-4989-8D3C-079532FB164B}.Debug-dll|Win32.Build.0 = Debug-dll|Win32
		{2F9D225C-72D8-4989-8D3C-079532FB164B}.Release|Win32.ActiveCfg = Release|Win32
		{2F9D225C-72D8-4989-8D3C-079532FB164B}.Release-dll|Win32.ActiveCfg = Release-dll|Win32
		{2F9D225C-72D8-4989-8D3C-079532FB164B}.Release-dll|Win32.Build.0 = Release-dll|Win32
		{2F9D225C-72D8-4989-8D3C-079532FB164B}.Retail|Win32.ActiveCfg = Retail|Win32
		{2F9D225C-72D8-4989-8D3C-079532FB164B}.Retail-dll|Win32.ActiveCfg = Retail-dll|Win32
		{2F9D225C-72D8-4989-8D3C-079532FB164B}.Retail-dll|Win32.Build.0 = Retail-dll|Win32
	EndGlobalSection
	GlobalSection(SolutionProperties) = preSolution
		HideSolutionNode = FALSE
	EndGlobalSection
EndGlobal
